
Microsoft Visual Studio Solution File, Format Version 12.00
# Visual Studio Version 17
VisualStudioVersion = 17.5.33627.172
MinimumVisualStudioVersion = 10.0.40219.1
Project("{FAE04EC0-301F-11D3-BF4B-00C04F79EFBC}") = "StockMarket", "StockMarket\StockMarket.csproj", "{39DFC397-B18F-49D0-BC0A-4D288BBC0B16}"
EndProject
Project("{FAE04EC0-301F-11D3-BF4B-00C04F79EFBC}") = "Stock_Models", "Stock_Models\Stock_Models.csproj", "{B5268494-CD0D-4DE3-8BB3-BAC65838DF84}"
EndProject
Project("{FAE04EC0-301F-11D3-BF4B-00C04F79EFBC}") = "StockMarket.Data", "StockMarket.Data\StockMarket.Data.csproj", "{791B5078-9AC3-4846-BDC8-3BE1826D1D05}"
EndProject
Global
	GlobalSection(SolutionConfigurationPlatforms) = preSolution
		Debug|Any CPU = Debug|Any CPU
		Release|Any CPU = Release|Any CPU
	EndGlobalSection
	GlobalSection(ProjectConfigurationPlatforms) = postSolution
		{39DFC397-B18F-49D0-BC0A-4D288BBC0B16}.Debug|Any CPU.ActiveCfg = Debug|Any CPU
		{39DFC397-B18F-49D0-BC0A-4D288BBC0B16}.Debug|Any CPU.Build.0 = Debug|Any CPU
		{39DFC397-B18F-49D0-BC0A-4D288BBC0B16}.Release|Any CPU.ActiveCfg = Release|Any CPU
		{39DFC397-B18F-49D0-BC0A-4D288BBC0B16}.Release|Any CPU.Build.0 = Release|Any CPU
		{B5268494-CD0D-4DE3-8BB3-BAC65838DF84}.Debug|Any CPU.ActiveCfg = Debug|Any CPU
		{B5268494-CD0D-4DE3-8BB3-BAC65838DF84}.Debug|Any CPU.Build.0 = Debug|Any CPU
		{B5268494-CD0D-4DE3-8BB3-BAC65838DF84}.Release|Any CPU.ActiveCfg = Release|Any CPU
		{B5268494-CD0D-4DE3-8BB3-BAC65838DF84}.Release|Any CPU.Build.0 = Release|Any CPU
		{791B5078-9AC3-4846-BDC8-3BE1826D1D05}.Debug|Any CPU.ActiveCfg = Debug|Any CPU
		{791B5078-9AC3-4846-BDC8-3BE1826D1D05}.Debug|Any CPU.Build.0 = Debug|Any CPU
		{791B5078-9AC3-4846-BDC8-3BE1826D1D05}.Release|Any CPU.ActiveCfg = Release|Any CPU
		{791B5078-9AC3-4846-BDC8-3BE1826D1D05}.Release|Any CPU.Build.0 = Release|Any CPU
	EndGlobalSection
	GlobalSection(SolutionProperties) = preSolution
		HideSolutionNode = FALSE
	EndGlobalSection
	GlobalSection(ExtensibilityGlobals) = postSolution
		SolutionGuid = {5891A6A8-BFFF-45E5-9C7C-614081C5F459}
	EndGlobalSection
EndGlobal
